{
  "name": "pisscordjs",
  "version": "0.1.0",
  "lockfileVersion": 3,
  "requires": true,
  "packages": {
    "": {
      "name": "pisscordjs",
      "version": "0.1.0",
      "license": "ISC",
      "dependencies": {
        "pisscordjs": "^0.1.0"
      }
    },
    "node_modules/pisscordjs": {
      "version": "0.1.0",
      "resolved": "https://registry.npmjs.org/pisscordjs/-/pisscordjs-0.1.0.tgz",
      "integrity": "sha512-+U3dB/OSo3LgGlRCGWfAaTz3lhJqfxsPQroyLDNEqYsSRCztRBFw8E5TXqSZFFF5ei13Vw+VXTxhvzT1WK3+6g=="
    }
  }
}
